// !$*UTF8*$!
{
	archiveVersion = 1;
	classes = {
	};
	objectVersion = 48;
	objects = {

/* Begin PBXBuildFile section */
		63187B321F7A0501004FC6B4 /* UMPush.framework in Frameworks */ = {isa = PBXBuildFile; fileRef = 63187B311F7A0501004FC6B4 /* UMPush.framework */; };
		633919971F7B3FEF00CFFCA0 /* UMShare.js in Resources */ = {isa = PBXBuildFile; fileRef = 633919961F7B3FEF00CFFCA0 /* UMShare.js */; };
		633919991F7B400100CFFCA0 /* UMPush.js in Resources */ = {isa = PBXBuildFile; fileRef = 633919981F7B400100CFFCA0 /* UMPush.js */; };
		633919AD1F7B421E00CFFCA0 /* ImageIO.framework in Frameworks */ = {isa = PBXBuildFile; fileRef = 633919AC1F7B421E00CFFCA0 /* ImageIO.framework */; };
		633919AF1F7B422B00CFFCA0 /* libc++.tbd in Frameworks */ = {isa = PBXBuildFile; fileRef = 633919AE1F7B422B00CFFCA0 /* libc++.tbd */; };
		633919B11F7B423200CFFCA0 /* SystemConfiguration.framework in Frameworks */ = {isa = PBXBuildFile; fileRef = 633919B01F7B423200CFFCA0 /* SystemConfiguration.framework */; };
		633919B31F7B424700CFFCA0 /* CoreData.framework in Frameworks */ = {isa = PBXBuildFile; fileRef = 633919B21F7B424700CFFCA0 /* CoreData.framework */; };
		633919B51F7B425400CFFCA0 /* MessageUI.framework in Frameworks */ = {isa = PBXBuildFile; fileRef = 633919B41F7B425400CFFCA0 /* MessageUI.framework */; };
		63391AE81F7CA3FF00CFFCA0 /* TwitterKitResources.bundle in Resources */ = {isa = PBXBuildFile; fileRef = 63391AE71F7CA3FF00CFFCA0 /* TwitterKitResources.bundle */; };
		63C071F51F79068000B0D795 /* UMShareModule.m in Sources */ = {isa = PBXBuildFile; fileRef = 63C071F41F79068000B0D795 /* UMShareModule.m */; };
		63C072401F7906D500B0D795 /* libSocialEmail.a in Frameworks */ = {isa = PBXBuildFile; fileRef = 63C072041F7906D400B0D795 /* libSocialEmail.a */; };
		63C072411F7906D500B0D795 /* Bolts.framework in Frameworks */ = {isa = PBXBuildFile; fileRef = 63C072071F7906D400B0D795 /* Bolts.framework */; };
		63C072421F7906D500B0D795 /* FBSDKCoreKit.framework in Frameworks */ = {isa = PBXBuildFile; fileRef = 63C072091F7906D400B0D795 /* FBSDKCoreKit.framework */; };
		63C072431F7906D500B0D795 /* FBSDKLoginKit.framework in Frameworks */ = {isa = PBXBuildFile; fileRef = 63C0720A1F7906D400B0D795 /* FBSDKLoginKit.framework */; };
		63C072441F7906D500B0D795 /* FBSDKMessengerShareKit.framework in Frameworks */ = {isa = PBXBuildFile; fileRef = 63C0720B1F7906D400B0D795 /* FBSDKMessengerShareKit.framework */; };
		63C072451F7906D500B0D795 /* FBSDKShareKit.framework in Frameworks */ = {isa = PBXBuildFile; fileRef = 63C0720C1F7906D400B0D795 /* FBSDKShareKit.framework */; };
		63C072461F7906D500B0D795 /* libSocialFacebook.a in Frameworks */ = {isa = PBXBuildFile; fileRef = 63C0720D1F7906D400B0D795 /* libSocialFacebook.a */; };
		63C072471F7906D500B0D795 /* libSocialQQ.a in Frameworks */ = {isa = PBXBuildFile; fileRef = 63C072101F7906D400B0D795 /* libSocialQQ.a */; };
		63C072481F7906D500B0D795 /* TencentOpenAPI.framework in Frameworks */ = {isa = PBXBuildFile; fileRef = 63C072121F7906D400B0D795 /* TencentOpenAPI.framework */; };
		63C072491F7906D500B0D795 /* TencentOpenApi_IOS_Bundle.bundle in Resources */ = {isa = PBXBuildFile; fileRef = 63C072131F7906D400B0D795 /* TencentOpenApi_IOS_Bundle.bundle */; };
		63C0724A1F7906D500B0D795 /* libSocialSina.a in Frameworks */ = {isa = PBXBuildFile; fileRef = 63C072161F7906D400B0D795 /* libSocialSina.a */; };
		63C0724B1F7906D500B0D795 /* libWeiboSDK.a in Frameworks */ = {isa = PBXBuildFile; fileRef = 63C072181F7906D400B0D795 /* libWeiboSDK.a */; };
		63C0724C1F7906D500B0D795 /* WeiboSDK.bundle in Resources */ = {isa = PBXBuildFile; fileRef = 63C072221F7906D400B0D795 /* WeiboSDK.bundle */; };
		63C0724D1F7906D500B0D795 /* libSocialSMS.a in Frameworks */ = {isa = PBXBuildFile; fileRef = 63C072271F7906D400B0D795 /* libSocialSMS.a */; };
		63C0724E1F7906D500B0D795 /* Fabric.framework in Frameworks */ = {isa = PBXBuildFile; fileRef = 63C0722A1F7906D400B0D795 /* Fabric.framework */; };
		63C0724F1F7906D500B0D795 /* libSocialTwitter.a in Frameworks */ = {isa = PBXBuildFile; fileRef = 63C0722B1F7906D400B0D795 /* libSocialTwitter.a */; };
		63C072501F7906D500B0D795 /* TwitterCore.framework in Frameworks */ = {isa = PBXBuildFile; fileRef = 63C0722C1F7906D400B0D795 /* TwitterCore.framework */; };
		63C072511F7906D500B0D795 /* TwitterKit.framework in Frameworks */ = {isa = PBXBuildFile; fileRef = 63C0722D1F7906D400B0D795 /* TwitterKit.framework */; };
		63C072521F7906D500B0D795 /* libSocialWeChat.a in Frameworks */ = {isa = PBXBuildFile; fileRef = 63C072301F7906D400B0D795 /* libSocialWeChat.a */; };
		63C072531F7906D500B0D795 /* libWeChatSDK.a in Frameworks */ = {isa = PBXBuildFile; fileRef = 63C072331F7906D400B0D795 /* libWeChatSDK.a */; };
		63C072541F7906D500B0D795 /* README.txt in Resources */ = {isa = PBXBuildFile; fileRef = 63C072341F7906D400B0D795 /* README.txt */; };
		63C072551F7906D500B0D795 /* UMShare.framework in Frameworks */ = {isa = PBXBuildFile; fileRef = 63C072381F7906D400B0D795 /* UMShare.framework */; };
		63C072561F7906D500B0D795 /* libUMSocialCloudShare.a in Frameworks */ = {isa = PBXBuildFile; fileRef = 63C0723A1F7906D400B0D795 /* libUMSocialCloudShare.a */; };
		63C072571F7906D500B0D795 /* libUMSocialLog.a in Frameworks */ = {isa = PBXBuildFile; fileRef = 63C0723B1F7906D400B0D795 /* libUMSocialLog.a */; };
		63C072581F7906D500B0D795 /* UMSocialSDKPromptResources.bundle in Resources */ = {isa = PBXBuildFile; fileRef = 63C0723C1F7906D400B0D795 /* UMSocialSDKPromptResources.bundle */; };
		63C072591F7906D500B0D795 /* UMSocialSDKResources.bundle in Resources */ = {isa = PBXBuildFile; fileRef = 63C0723E1F7906D400B0D795 /* UMSocialSDKResources.bundle */; };
		63C0725A1F7906D500B0D795 /* UShareUI.framework in Frameworks */ = {isa = PBXBuildFile; fileRef = 63C0723F1F7906D400B0D795 /* UShareUI.framework */; };
		63C0725D1F7A043D00B0D795 /* UMPushModule.m in Sources */ = {isa = PBXBuildFile; fileRef = 63C0725B1F7A043D00B0D795 /* UMPushModule.m */; };
		83BE8F061F78E16E00969EA1 /* AppDelegate.m in Sources */ = {isa = PBXBuildFile; fileRef = 83BE8F051F78E16E00969EA1 /* AppDelegate.m */; };
		83BE8F091F78E16E00969EA1 /* ViewController.m in Sources */ = {isa = PBXBuildFile; fileRef = 83BE8F081F78E16E00969EA1 /* ViewController.m */; };
		83BE8F0C1F78E16E00969EA1 /* Main.storyboard in Resources */ = {isa = PBXBuildFile; fileRef = 83BE8F0A1F78E16E00969EA1 /* Main.storyboard */; };
		83BE8F0E1F78E16E00969EA1 /* Assets.xcassets in Resources */ = {isa = PBXBuildFile; fileRef = 83BE8F0D1F78E16E00969EA1 /* Assets.xcassets */; };
		83BE8F111F78E16E00969EA1 /* LaunchScreen.storyboard in Resources */ = {isa = PBXBuildFile; fileRef = 83BE8F0F1F78E16E00969EA1 /* LaunchScreen.storyboard */; };
		83BE8F141F78E16E00969EA1 /* main.m in Sources */ = {isa = PBXBuildFile; fileRef = 83BE8F131F78E16E00969EA1 /* main.m */; };
		83BE8F1E1F78E16E00969EA1 /* Hybrid_ComponentTests.m in Sources */ = {isa = PBXBuildFile; fileRef = 83BE8F1D1F78E16E00969EA1 /* Hybrid_ComponentTests.m */; };
		83BE8F291F78E16E00969EA1 /* Hybrid_ComponentUITests.m in Sources */ = {isa = PBXBuildFile; fileRef = 83BE8F281F78E16E00969EA1 /* Hybrid_ComponentUITests.m */; };
		83BE8F3B1F78E2A800969EA1 /* analytics.html in Resources */ = {isa = PBXBuildFile; fileRef = 83BE8F371F78E2A800969EA1 /* analytics.html */; };
		83BE8F3C1F78E2A800969EA1 /* index.html in Resources */ = {isa = PBXBuildFile; fileRef = 83BE8F381F78E2A800969EA1 /* index.html */; };
		83BE8F3D1F78E2A800969EA1 /* push.html in Resources */ = {isa = PBXBuildFile; fileRef = 83BE8F391F78E2A800969EA1 /* push.html */; };
		83BE8F3E1F78E2A800969EA1 /* social.html in Resources */ = {isa = PBXBuildFile; fileRef = 83BE8F3A1F78E2A800969EA1 /* social.html */; };
		83BE8F421F78EF4600969EA1 /* UMAnalytics.framework in Frameworks */ = {isa = PBXBuildFile; fileRef = 83BE8F401F78EF4600969EA1 /* UMAnalytics.framework */; };
		83BE8F431F78EF4600969EA1 /* UMCommon.framework in Frameworks */ = {isa = PBXBuildFile; fileRef = 83BE8F411F78EF4600969EA1 /* UMCommon.framework */; };
		83BE8F471F78EF6700969EA1 /* UMAnalyticsModule.m in Sources */ = {isa = PBXBuildFile; fileRef = 83BE8F461F78EF6700969EA1 /* UMAnalyticsModule.m */; };
		83BE8F491F78F6BC00969EA1 /* UMAnalytics.js in Resources */ = {isa = PBXBuildFile; fileRef = 83BE8F481F78F6BC00969EA1 /* UMAnalytics.js */; };
		83BE8F4C1F78F6D700969EA1 /* libsqlite3.tbd in Frameworks */ = {isa = PBXBuildFile; fileRef = 83BE8F4B1F78F6D700969EA1 /* libsqlite3.tbd */; };
		83BE8F4E1F78F6DC00969EA1 /* libz.tbd in Frameworks */ = {isa = PBXBuildFile; fileRef = 83BE8F4D1F78F6DC00969EA1 /* libz.tbd */; };
		83BE8F501F78F6E100969EA1 /* CoreTelephony.framework in Frameworks */ = {isa = PBXBuildFile; fileRef = 83BE8F4F1F78F6E100969EA1 /* CoreTelephony.framework */; };
/* End PBXBuildFile section */

/* Begin PBXContainerItemProxy section */
		83BE8F1A1F78E16E00969EA1 /* PBXContainerItemProxy */ = {
			isa = PBXContainerItemProxy;
			containerPortal = 83BE8EF91F78E16D00969EA1 /* Project object */;
			proxyType = 1;
			remoteGlobalIDString = 83BE8F001F78E16D00969EA1;
			remoteInfo = Hybrid_Component;
		};
		83BE8F251F78E16E00969EA1 /* PBXContainerItemProxy */ = {
			isa = PBXContainerItemProxy;
			containerPortal = 83BE8EF91F78E16D00969EA1 /* Project object */;
			proxyType = 1;
			remoteGlobalIDString = 83BE8F001F78E16D00969EA1;
			remoteInfo = Hybrid_Component;
		};
/* End PBXContainerItemProxy section */

/* Begin PBXFileReference section */
		63187B311F7A0501004FC6B4 /* UMPush.framework */ = {isa = PBXFileReference; lastKnownFileType = wrapper.framework; path = UMPush.framework; sourceTree = "<group>"; };
		633919961F7B3FEF00CFFCA0 /* UMShare.js */ = {isa = PBXFileReference; lastKnownFileType = sourcecode.javascript; path = UMShare.js; sourceTree = "<group>"; };
		633919981F7B400100CFFCA0 /* UMPush.js */ = {isa = PBXFileReference; lastKnownFileType = sourcecode.javascript; path = UMPush.js; sourceTree = "<group>"; };
		633919AC1F7B421E00CFFCA0 /* ImageIO.framework */ = {isa = PBXFileReference; lastKnownFileType = wrapper.framework; name = ImageIO.framework; path = System/Library/Frameworks/ImageIO.framework; sourceTree = SDKROOT; };
		633919AE1F7B422B00CFFCA0 /* libc++.tbd */ = {isa = PBXFileReference; lastKnownFileType = "sourcecode.text-based-dylib-definition"; name = "libc++.tbd"; path = "usr/lib/libc++.tbd"; sourceTree = SDKROOT; };
		633919B01F7B423200CFFCA0 /* SystemConfiguration.framework */ = {isa = PBXFileReference; lastKnownFileType = wrapper.framework; name = SystemConfiguration.framework; path = System/Library/Frameworks/SystemConfiguration.framework; sourceTree = SDKROOT; };
		633919B21F7B424700CFFCA0 /* CoreData.framework */ = {isa = PBXFileReference; lastKnownFileType = wrapper.framework; name = CoreData.framework; path = System/Library/Frameworks/CoreData.framework; sourceTree = SDKROOT; };
		633919B41F7B425400CFFCA0 /* MessageUI.framework */ = {isa = PBXFileReference; lastKnownFileType = wrapper.framework; name = MessageUI.framework; path = System/Library/Frameworks/MessageUI.framework; sourceTree = SDKROOT; };
		63391AE71F7CA3FF00CFFCA0 /* TwitterKitResources.bundle */ = {isa = PBXFileReference; lastKnownFileType = "wrapper.plug-in"; name = TwitterKitResources.bundle; path = TwitterKit.framework/TwitterKitResources.bundle; sourceTree = "<group>"; };
		63C071F31F79068000B0D795 /* UMShareModule.h */ = {isa = PBXFileReference; fileEncoding = 4; lastKnownFileType = sourcecode.c.h; path = UMShareModule.h; sourceTree = "<group>"; };
		63C071F41F79068000B0D795 /* UMShareModule.m */ = {isa = PBXFileReference; fileEncoding = 4; lastKnownFileType = sourcecode.c.objc; path = UMShareModule.m; sourceTree = "<group>"; };
		63C072041F7906D400B0D795 /* libSocialEmail.a */ = {isa = PBXFileReference; lastKnownFileType = archive.ar; path = libSocialEmail.a; sourceTree = "<group>"; };
		63C072051F7906D400B0D795 /* UMSocialEmailHandler.h */ = {isa = PBXFileReference; fileEncoding = 4; lastKnownFileType = sourcecode.c.h; path = UMSocialEmailHandler.h; sourceTree = "<group>"; };
		63C072071F7906D400B0D795 /* Bolts.framework */ = {isa = PBXFileReference; lastKnownFileType = wrapper.framework; path = Bolts.framework; sourceTree = "<group>"; };
		63C072081F7906D400B0D795 /* facebook_ios_sdk_Prefix.pch */ = {isa = PBXFileReference; fileEncoding = 4; lastKnownFileType = sourcecode.c.h; path = facebook_ios_sdk_Prefix.pch; sourceTree = "<group>"; };
		63C072091F7906D400B0D795 /* FBSDKCoreKit.framework */ = {isa = PBXFileReference; lastKnownFileType = wrapper.framework; path = FBSDKCoreKit.framework; sourceTree = "<group>"; };
		63C0720A1F7906D400B0D795 /* FBSDKLoginKit.framework */ = {isa = PBXFileReference; lastKnownFileType = wrapper.framework; path = FBSDKLoginKit.framework; sourceTree = "<group>"; };
		63C0720B1F7906D400B0D795 /* FBSDKMessengerShareKit.framework */ = {isa = PBXFileReference; lastKnownFileType = wrapper.framework; path = FBSDKMessengerShareKit.framework; sourceTree = "<group>"; };
		63C0720C1F7906D400B0D795 /* FBSDKShareKit.framework */ = {isa = PBXFileReference; lastKnownFileType = wrapper.framework; path = FBSDKShareKit.framework; sourceTree = "<group>"; };
		63C0720D1F7906D400B0D795 /* libSocialFacebook.a */ = {isa = PBXFileReference; lastKnownFileType = archive.ar; path = libSocialFacebook.a; sourceTree = "<group>"; };
		63C0720E1F7906D400B0D795 /* UMSocialFaceBookHandler.h */ = {isa = PBXFileReference; fileEncoding = 4; lastKnownFileType = sourcecode.c.h; path = UMSocialFaceBookHandler.h; sourceTree = "<group>"; };
		63C072101F7906D400B0D795 /* libSocialQQ.a */ = {isa = PBXFileReference; lastKnownFileType = archive.ar; path = libSocialQQ.a; sourceTree = "<group>"; };
		63C072121F7906D400B0D795 /* TencentOpenAPI.framework */ = {isa = PBXFileReference; lastKnownFileType = wrapper.framework; path = TencentOpenAPI.framework; sourceTree = "<group>"; };
		63C072131F7906D400B0D795 /* TencentOpenApi_IOS_Bundle.bundle */ = {isa = PBXFileReference; lastKnownFileType = "wrapper.plug-in"; path = TencentOpenApi_IOS_Bundle.bundle; sourceTree = "<group>"; };
		63C072141F7906D400B0D795 /* UMSocialQQHandler.h */ = {isa = PBXFileReference; fileEncoding = 4; lastKnownFileType = sourcecode.c.h; path = UMSocialQQHandler.h; sourceTree = "<group>"; };
		63C072161F7906D400B0D795 /* libSocialSina.a */ = {isa = PBXFileReference; lastKnownFileType = archive.ar; path = libSocialSina.a; sourceTree = "<group>"; };
		63C072181F7906D400B0D795 /* libWeiboSDK.a */ = {isa = PBXFileReference; lastKnownFileType = archive.ar; path = libWeiboSDK.a; sourceTree = "<group>"; };
		63C072191F7906D400B0D795 /* WBHttpRequest+WeiboGame.h */ = {isa = PBXFileReference; fileEncoding = 4; lastKnownFileType = sourcecode.c.h; path = "WBHttpRequest+WeiboGame.h"; sourceTree = "<group>"; };
		63C0721A1F7906D400B0D795 /* WBHttpRequest+WeiboShare.h */ = {isa = PBXFileReference; fileEncoding = 4; lastKnownFileType = sourcecode.c.h; path = "WBHttpRequest+WeiboShare.h"; sourceTree = "<group>"; };
		63C0721B1F7906D400B0D795 /* WBHttpRequest+WeiboToken.h */ = {isa = PBXFileReference; fileEncoding = 4; lastKnownFileType = sourcecode.c.h; path = "WBHttpRequest+WeiboToken.h"; sourceTree = "<group>"; };
		63C0721C1F7906D400B0D795 /* WBHttpRequest+WeiboUser.h */ = {isa = PBXFileReference; fileEncoding = 4; lastKnownFileType = sourcecode.c.h; path = "WBHttpRequest+WeiboUser.h"; sourceTree = "<group>"; };
		63C0721D1F7906D400B0D795 /* WBHttpRequest.h */ = {isa = PBXFileReference; fileEncoding = 4; lastKnownFileType = sourcecode.c.h; path = WBHttpRequest.h; sourceTree = "<group>"; };
		63C0721E1F7906D400B0D795 /* WBSDKBasicButton.h */ = {isa = PBXFileReference; fileEncoding = 4; lastKnownFileType = sourcecode.c.h; path = WBSDKBasicButton.h; sourceTree = "<group>"; };
		63C0721F1F7906D400B0D795 /* WBSDKCommentButton.h */ = {isa = PBXFileReference; fileEncoding = 4; lastKnownFileType = sourcecode.c.h; path = WBSDKCommentButton.h; sourceTree = "<group>"; };
		63C072201F7906D400B0D795 /* WBSDKRelationshipButton.h */ = {isa = PBXFileReference; fileEncoding = 4; lastKnownFileType = sourcecode.c.h; path = WBSDKRelationshipButton.h; sourceTree = "<group>"; };
		63C072211F7906D400B0D795 /* WeiboSDK+Statistics.h */ = {isa = PBXFileReference; fileEncoding = 4; lastKnownFileType = sourcecode.c.h; path = "WeiboSDK+Statistics.h"; sourceTree = "<group>"; };
		63C072221F7906D400B0D795 /* WeiboSDK.bundle */ = {isa = PBXFileReference; lastKnownFileType = "wrapper.plug-in"; path = WeiboSDK.bundle; sourceTree = "<group>"; };
		63C072231F7906D400B0D795 /* WeiboSDK.h */ = {isa = PBXFileReference; fileEncoding = 4; lastKnownFileType = sourcecode.c.h; path = WeiboSDK.h; sourceTree = "<group>"; };
		63C072241F7906D400B0D795 /* WeiboUser.h */ = {isa = PBXFileReference; fileEncoding = 4; lastKnownFileType = sourcecode.c.h; path = WeiboUser.h; sourceTree = "<group>"; };
		63C072251F7906D400B0D795 /* UMSocialSinaHandler.h */ = {isa = PBXFileReference; fileEncoding = 4; lastKnownFileType = sourcecode.c.h; path = UMSocialSinaHandler.h; sourceTree = "<group>"; };
		63C072271F7906D400B0D795 /* libSocialSMS.a */ = {isa = PBXFileReference; lastKnownFileType = archive.ar; path = libSocialSMS.a; sourceTree = "<group>"; };
		63C072281F7906D400B0D795 /* UMSocialSmsHandler.h */ = {isa = PBXFileReference; fileEncoding = 4; lastKnownFileType = sourcecode.c.h; path = UMSocialSmsHandler.h; sourceTree = "<group>"; };
		63C0722A1F7906D400B0D795 /* Fabric.framework */ = {isa = PBXFileReference; lastKnownFileType = wrapper.framework; path = Fabric.framework; sourceTree = "<group>"; };
		63C0722B1F7906D400B0D795 /* libSocialTwitter.a */ = {isa = PBXFileReference; lastKnownFileType = archive.ar; path = libSocialTwitter.a; sourceTree = "<group>"; };
		63C0722C1F7906D400B0D795 /* TwitterCore.framework */ = {isa = PBXFileReference; lastKnownFileType = wrapper.framework; path = TwitterCore.framework; sourceTree = "<group>"; };
		63C0722D1F7906D400B0D795 /* TwitterKit.framework */ = {isa = PBXFileReference; lastKnownFileType = wrapper.framework; path = TwitterKit.framework; sourceTree = "<group>"; };
		63C0722E1F7906D400B0D795 /* UMSocialTwitterHandler.h */ = {isa = PBXFileReference; fileEncoding = 4; lastKnownFileType = sourcecode.c.h; path = UMSocialTwitterHandler.h; sourceTree = "<group>"; };
		63C072301F7906D400B0D795 /* libSocialWeChat.a */ = {isa = PBXFileReference; lastKnownFileType = archive.ar; path = libSocialWeChat.a; sourceTree = "<group>"; };
		63C072311F7906D400B0D795 /* UMSocialWechatHandler.h */ = {isa = PBXFileReference; fileEncoding = 4; lastKnownFileType = sourcecode.c.h; path = UMSocialWechatHandler.h; sourceTree = "<group>"; };
		63C072331F7906D400B0D795 /* libWeChatSDK.a */ = {isa = PBXFileReference; lastKnownFileType = archive.ar; path = libWeChatSDK.a; sourceTree = "<group>"; };
		63C072341F7906D400B0D795 /* README.txt */ = {isa = PBXFileReference; fileEncoding = 4; lastKnownFileType = text; path = README.txt; sourceTree = "<group>"; };
		63C072351F7906D400B0D795 /* WechatAuthSDK.h */ = {isa = PBXFileReference; fileEncoding = 4; lastKnownFileType = sourcecode.c.h; path = WechatAuthSDK.h; sourceTree = "<group>"; };
		63C072361F7906D400B0D795 /* WXApi.h */ = {isa = PBXFileReference; fileEncoding = 4; lastKnownFileType = sourcecode.c.h; path = WXApi.h; sourceTree = "<group>"; };
		63C072371F7906D400B0D795 /* WXApiObject.h */ = {isa = PBXFileReference; fileEncoding = 4; lastKnownFileType = sourcecode.c.h; path = WXApiObject.h; sourceTree = "<group>"; };
		63C072381F7906D400B0D795 /* UMShare.framework */ = {isa = PBXFileReference; lastKnownFileType = wrapper.framework; path = UMShare.framework; sourceTree = "<group>"; };
		63C0723A1F7906D400B0D795 /* libUMSocialCloudShare.a */ = {isa = PBXFileReference; lastKnownFileType = archive.ar; path = libUMSocialCloudShare.a; sourceTree = "<group>"; };
		63C0723B1F7906D400B0D795 /* libUMSocialLog.a */ = {isa = PBXFileReference; lastKnownFileType = archive.ar; path = libUMSocialLog.a; sourceTree = "<group>"; };
		63C0723C1F7906D400B0D795 /* UMSocialSDKPromptResources.bundle */ = {isa = PBXFileReference; lastKnownFileType = "wrapper.plug-in"; path = UMSocialSDKPromptResources.bundle; sourceTree = "<group>"; };
		63C0723E1F7906D400B0D795 /* UMSocialSDKResources.bundle */ = {isa = PBXFileReference; lastKnownFileType = "wrapper.plug-in"; path = UMSocialSDKResources.bundle; sourceTree = "<group>"; };
		63C0723F1F7906D400B0D795 /* UShareUI.framework */ = {isa = PBXFileReference; lastKnownFileType = wrapper.framework; path = UShareUI.framework; sourceTree = "<group>"; };
		63C0725B1F7A043D00B0D795 /* UMPushModule.m */ = {isa = PBXFileReference; lastKnownFileType = sourcecode.c.objc; path = UMPushModule.m; sourceTree = "<group>"; };
		63C0725C1F7A043D00B0D795 /* UMPushModule.h */ = {isa = PBXFileReference; lastKnownFileType = sourcecode.c.h; path = UMPushModule.h; sourceTree = "<group>"; };
		83BE8F011F78E16D00969EA1 /* Hybrid_Component.app */ = {isa = PBXFileReference; explicitFileType = wrapper.application; includeInIndex = 0; path = Hybrid_Component.app; sourceTree = BUILT_PRODUCTS_DIR; };
		83BE8F041F78E16D00969EA1 /* AppDelegate.h */ = {isa = PBXFileReference; lastKnownFileType = sourcecode.c.h; path = AppDelegate.h; sourceTree = "<group>"; };
		83BE8F051F78E16E00969EA1 /* AppDelegate.m */ = {isa = PBXFileReference; lastKnownFileType = sourcecode.c.objc; path = AppDelegate.m; sourceTree = "<group>"; };
		83BE8F071F78E16E00969EA1 /* ViewController.h */ = {isa = PBXFileReference; lastKnownFileType = sourcecode.c.h; path = ViewController.h; sourceTree = "<group>"; };
		83BE8F081F78E16E00969EA1 /* ViewController.m */ = {isa = PBXFileReference; lastKnownFileType = sourcecode.c.objc; path = ViewController.m; sourceTree = "<group>"; };
		83BE8F0B1F78E16E00969EA1 /* Base */ = {isa = PBXFileReference; lastKnownFileType = file.storyboard; name = Base; path = Base.lproj/Main.storyboard; sourceTree = "<group>"; };
		83BE8F0D1F78E16E00969EA1 /* Assets.xcassets */ = {isa = PBXFileReference; lastKnownFileType = folder.assetcatalog; path = Assets.xcassets; sourceTree = "<group>"; };
		83BE8F101F78E16E00969EA1 /* Base */ = {isa = PBXFileReference; lastKnownFileType = file.storyboard; name = Base; path = Base.lproj/LaunchScreen.storyboard; sourceTree = "<group>"; };
		83BE8F121F78E16E00969EA1 /* Info.plist */ = {isa = PBXFileReference; lastKnownFileType = text.plist.xml; path = Info.plist; sourceTree = "<group>"; };
		83BE8F131F78E16E00969EA1 /* main.m */ = {isa = PBXFileReference; lastKnownFileType = sourcecode.c.objc; path = main.m; sourceTree = "<group>"; };
		83BE8F191F78E16E00969EA1 /* Hybrid_ComponentTests.xctest */ = {isa = PBXFileReference; explicitFileType = wrapper.cfbundle; includeInIndex = 0; path = Hybrid_ComponentTests.xctest; sourceTree = BUILT_PRODUCTS_DIR; };
		83BE8F1D1F78E16E00969EA1 /* Hybrid_ComponentTests.m */ = {isa = PBXFileReference; lastKnownFileType = sourcecode.c.objc; path = Hybrid_ComponentTests.m; sourceTree = "<group>"; };
		83BE8F1F1F78E16E00969EA1 /* Info.plist */ = {isa = PBXFileReference; lastKnownFileType = text.plist.xml; path = Info.plist; sourceTree = "<group>"; };
		83BE8F241F78E16E00969EA1 /* Hybrid_ComponentUITests.xctest */ = {isa = PBXFileReference; explicitFileType = wrapper.cfbundle; includeInIndex = 0; path = Hybrid_ComponentUITests.xctest; sourceTree = BUILT_PRODUCTS_DIR; };
		83BE8F281F78E16E00969EA1 /* Hybrid_ComponentUITests.m */ = {isa = PBXFileReference; lastKnownFileType = sourcecode.c.objc; path = Hybrid_ComponentUITests.m; sourceTree = "<group>"; };
		83BE8F2A1F78E16E00969EA1 /* Info.plist */ = {isa = PBXFileReference; lastKnownFileType = text.plist.xml; path = Info.plist; sourceTree = "<group>"; };
		83BE8F371F78E2A800969EA1 /* analytics.html */ = {isa = PBXFileReference; fileEncoding = 4; lastKnownFileType = text.html; path = analytics.html; sourceTree = "<group>"; };
		83BE8F381F78E2A800969EA1 /* index.html */ = {isa = PBXFileReference; fileEncoding = 4; lastKnownFileType = text.html; path = index.html; sourceTree = "<group>"; };
		83BE8F391F78E2A800969EA1 /* push.html */ = {isa = PBXFileReference; fileEncoding = 4; lastKnownFileType = text.html; path = push.html; sourceTree = "<group>"; };
		83BE8F3A1F78E2A800969EA1 /* social.html */ = {isa = PBXFileReference; fileEncoding = 4; lastKnownFileType = text.html; path = social.html; sourceTree = "<group>"; };
		83BE8F401F78EF4600969EA1 /* UMAnalytics.framework */ = {isa = PBXFileReference; lastKnownFileType = wrapper.framework; path = UMAnalytics.framework; sourceTree = "<group>"; };
		83BE8F411F78EF4600969EA1 /* UMCommon.framework */ = {isa = PBXFileReference; lastKnownFileType = wrapper.framework; path = UMCommon.framework; sourceTree = "<group>"; };
		83BE8F451F78EF6700969EA1 /* UMAnalyticsModule.h */ = {isa = PBXFileReference; fileEncoding = 4; lastKnownFileType = sourcecode.c.h; path = UMAnalyticsModule.h; sourceTree = "<group>"; };
		83BE8F461F78EF6700969EA1 /* UMAnalyticsModule.m */ = {isa = PBXFileReference; fileEncoding = 4; lastKnownFileType = sourcecode.c.objc; path = UMAnalyticsModule.m; sourceTree = "<group>"; };
		83BE8F481F78F6BC00969EA1 /* UMAnalytics.js */ = {isa = PBXFileReference; fileEncoding = 4; lastKnownFileType = sourcecode.javascript; path = UMAnalytics.js; sourceTree = "<group>"; };
		83BE8F4B1F78F6D700969EA1 /* libsqlite3.tbd */ = {isa = PBXFileReference; lastKnownFileType = "sourcecode.text-based-dylib-definition"; name = libsqlite3.tbd; path = usr/lib/libsqlite3.tbd; sourceTree = SDKROOT; };
		83BE8F4D1F78F6DC00969EA1 /* libz.tbd */ = {isa = PBXFileReference; lastKnownFileType = "sourcecode.text-based-dylib-definition"; name = libz.tbd; path = usr/lib/libz.tbd; sourceTree = SDKROOT; };
		83BE8F4F1F78F6E100969EA1 /* CoreTelephony.framework */ = {isa = PBXFileReference; lastKnownFileType = wrapper.framework; name = CoreTelephony.framework; path = System/Library/Frameworks/CoreTelephony.framework; sourceTree = SDKROOT; };
/* End PBXFileReference section */

/* Begin PBXFrameworksBuildPhase section */
		83BE8EFE1F78E16D00969EA1 /* Frameworks */ = {
			isa = PBXFrameworksBuildPhase;
			buildActionMask = 2147483647;
			files = (
				633919B51F7B425400CFFCA0 /* MessageUI.framework in Frameworks */,
				633919B31F7B424700CFFCA0 /* CoreData.framework in Frameworks */,
				633919B11F7B423200CFFCA0 /* SystemConfiguration.framework in Frameworks */,
				633919AF1F7B422B00CFFCA0 /* libc++.tbd in Frameworks */,
				633919AD1F7B421E00CFFCA0 /* ImageIO.framework in Frameworks */,
				63C072521F7906D500B0D795 /* libSocialWeChat.a in Frameworks */,
				83BE8F501F78F6E100969EA1 /* CoreTelephony.framework in Frameworks */,
				83BE8F4E1F78F6DC00969EA1 /* libz.tbd in Frameworks */,
				63C0724A1F7906D500B0D795 /* libSocialSina.a in Frameworks */,
				63C072441F7906D500B0D795 /* FBSDKMessengerShareKit.framework in Frameworks */,
				63C0724F1F7906D500B0D795 /* libSocialTwitter.a in Frameworks */,
				63C072531F7906D500B0D795 /* libWeChatSDK.a in Frameworks */,
				63C072501F7906D500B0D795 /* TwitterCore.framework in Frameworks */,
				63C072431F7906D500B0D795 /* FBSDKLoginKit.framework in Frameworks */,
				63C0724E1F7906D500B0D795 /* Fabric.framework in Frameworks */,
				63C072551F7906D500B0D795 /* UMShare.framework in Frameworks */,
				83BE8F4C1F78F6D700969EA1 /* libsqlite3.tbd in Frameworks */,
				63C072481F7906D500B0D795 /* TencentOpenAPI.framework in Frameworks */,
				83BE8F421F78EF4600969EA1 /* UMAnalytics.framework in Frameworks */,
				63187B321F7A0501004FC6B4 /* UMPush.framework in Frameworks */,
				63C072451F7906D500B0D795 /* FBSDKShareKit.framework in Frameworks */,
				63C0724D1F7906D500B0D795 /* libSocialSMS.a in Frameworks */,
				83BE8F431F78EF4600969EA1 /* UMCommon.framework in Frameworks */,
				63C072421F7906D500B0D795 /* FBSDKCoreKit.framework in Frameworks */,
				63C0724B1F7906D500B0D795 /* libWeiboSDK.a in Frameworks */,
				63C072401F7906D500B0D795 /* libSocialEmail.a in Frameworks */,
				63C072461F7906D500B0D795 /* libSocialFacebook.a in Frameworks */,
				63C072561F7906D500B0D795 /* libUMSocialCloudShare.a in Frameworks */,
				63C072411F7906D500B0D795 /* Bolts.framework in Frameworks */,
				63C072571F7906D500B0D795 /* libUMSocialLog.a in Frameworks */,
				63C072471F7906D500B0D795 /* libSocialQQ.a in Frameworks */,
				63C072511F7906D500B0D795 /* TwitterKit.framework in Frameworks */,
				63C0725A1F7906D500B0D795 /* UShareUI.framework in Frameworks */,
			);
			runOnlyForDeploymentPostprocessing = 0;
		};
		83BE8F161F78E16E00969EA1 /* Frameworks */ = {
			isa = PBXFrameworksBuildPhase;
			buildActionMask = 2147483647;
			files = (
			);
			runOnlyForDeploymentPostprocessing = 0;
		};
		83BE8F211F78E16E00969EA1 /* Frameworks */ = {
			isa = PBXFrameworksBuildPhase;
			buildActionMask = 2147483647;
			files = (
			);
			runOnlyForDeploymentPostprocessing = 0;
		};
/* End PBXFrameworksBuildPhase section */

/* Begin PBXGroup section */
		63C072011F7906D400B0D795 /* UMShare */ = {
			isa = PBXGroup;
			children = (
				63C072021F7906D400B0D795 /* SocialLibraries */,
				63C072381F7906D400B0D795 /* UMShare.framework */,
				63C072391F7906D400B0D795 /* UMSocialSDKPlugin */,
				63C0723D1F7906D400B0D795 /* UMSocialUI */,
			);
			path = UMShare;
			sourceTree = "<group>";
		};
		63C072021F7906D400B0D795 /* SocialLibraries */ = {
			isa = PBXGroup;
			children = (
				63C072031F7906D400B0D795 /* Email */,
				63C072061F7906D400B0D795 /* Facebook */,
				63C0720F1F7906D400B0D795 /* QQ */,
				63C072151F7906D400B0D795 /* Sina */,
				63C072261F7906D400B0D795 /* SMS */,
				63C072291F7906D400B0D795 /* Twitter */,
				63C0722F1F7906D400B0D795 /* WeChat */,
			);
			path = SocialLibraries;
			sourceTree = "<group>";
		};
		63C072031F7906D400B0D795 /* Email */ = {
			isa = PBXGroup;
			children = (
				63C072041F7906D400B0D795 /* libSocialEmail.a */,
				63C072051F7906D400B0D795 /* UMSocialEmailHandler.h */,
			);
			path = Email;
			sourceTree = "<group>";
		};
		63C072061F7906D400B0D795 /* Facebook */ = {
			isa = PBXGroup;
			children = (
				63C072071F7906D400B0D795 /* Bolts.framework */,
				63C072081F7906D400B0D795 /* facebook_ios_sdk_Prefix.pch */,
				63C072091F7906D400B0D795 /* FBSDKCoreKit.framework */,
				63C0720A1F7906D400B0D795 /* FBSDKLoginKit.framework */,
				63C0720B1F7906D400B0D795 /* FBSDKMessengerShareKit.framework */,
				63C0720C1F7906D400B0D795 /* FBSDKShareKit.framework */,
				63C0720D1F7906D400B0D795 /* libSocialFacebook.a */,
				63C0720E1F7906D400B0D795 /* UMSocialFaceBookHandler.h */,
			);
			path = Facebook;
			sourceTree = "<group>";
		};
		63C0720F1F7906D400B0D795 /* QQ */ = {
			isa = PBXGroup;
			children = (
				63C072101F7906D400B0D795 /* libSocialQQ.a */,
				63C072111F7906D400B0D795 /* QQSDK */,
				63C072141F7906D400B0D795 /* UMSocialQQHandler.h */,
			);
			path = QQ;
			sourceTree = "<group>";
		};
		63C072111F7906D400B0D795 /* QQSDK */ = {
			isa = PBXGroup;
			children = (
				63C072121F7906D400B0D795 /* TencentOpenAPI.framework */,
				63C072131F7906D400B0D795 /* TencentOpenApi_IOS_Bundle.bundle */,
			);
			path = QQSDK;
			sourceTree = "<group>";
		};
		63C072151F7906D400B0D795 /* Sina */ = {
			isa = PBXGroup;
			children = (
				63C072161F7906D400B0D795 /* libSocialSina.a */,
				63C072171F7906D400B0D795 /* SinaSDK */,
				63C072251F7906D400B0D795 /* UMSocialSinaHandler.h */,
			);
			path = Sina;
			sourceTree = "<group>";
		};
		63C072171F7906D400B0D795 /* SinaSDK */ = {
			isa = PBXGroup;
			children = (
				63C072181F7906D400B0D795 /* libWeiboSDK.a */,
				63C072191F7906D400B0D795 /* WBHttpRequest+WeiboGame.h */,
				63C0721A1F7906D400B0D795 /* WBHttpRequest+WeiboShare.h */,
				63C0721B1F7906D400B0D795 /* WBHttpRequest+WeiboToken.h */,
				63C0721C1F7906D400B0D795 /* WBHttpRequest+WeiboUser.h */,
				63C0721D1F7906D400B0D795 /* WBHttpRequest.h */,
				63C0721E1F7906D400B0D795 /* WBSDKBasicButton.h */,
				63C0721F1F7906D400B0D795 /* WBSDKCommentButton.h */,
				63C072201F7906D400B0D795 /* WBSDKRelationshipButton.h */,
				63C072211F7906D400B0D795 /* WeiboSDK+Statistics.h */,
				63C072221F7906D400B0D795 /* WeiboSDK.bundle */,
				63C072231F7906D400B0D795 /* WeiboSDK.h */,
				63C072241F7906D400B0D795 /* WeiboUser.h */,
			);
			path = SinaSDK;
			sourceTree = "<group>";
		};
		63C072261F7906D400B0D795 /* SMS */ = {
			isa = PBXGroup;
			children = (
				63C072271F7906D400B0D795 /* libSocialSMS.a */,
				63C072281F7906D400B0D795 /* UMSocialSmsHandler.h */,
			);
			path = SMS;
			sourceTree = "<group>";
		};
		63C072291F7906D400B0D795 /* Twitter */ = {
			isa = PBXGroup;
			children = (
				63391AE71F7CA3FF00CFFCA0 /* TwitterKitResources.bundle */,
				63C0722A1F7906D400B0D795 /* Fabric.framework */,
				63C0722B1F7906D400B0D795 /* libSocialTwitter.a */,
				63C0722C1F7906D400B0D795 /* TwitterCore.framework */,
				63C0722D1F7906D400B0D795 /* TwitterKit.framework */,
				63C0722E1F7906D400B0D795 /* UMSocialTwitterHandler.h */,
			);
			path = Twitter;
			sourceTree = "<group>";
		};
		63C0722F1F7906D400B0D795 /* WeChat */ = {
			isa = PBXGroup;
			children = (
				63C072301F7906D400B0D795 /* libSocialWeChat.a */,
				63C072311F7906D400B0D795 /* UMSocialWechatHandler.h */,
				63C072321F7906D400B0D795 /* WechatSDK */,
			);
			path = WeChat;
			sourceTree = "<group>";
		};
		63C072321F7906D400B0D795 /* WechatSDK */ = {
			isa = PBXGroup;
			children = (
				63C072331F7906D400B0D795 /* libWeChatSDK.a */,
				63C072341F7906D400B0D795 /* README.txt */,
				63C072351F7906D400B0D795 /* WechatAuthSDK.h */,
				63C072361F7906D400B0D795 /* WXApi.h */,
				63C072371F7906D400B0D795 /* WXApiObject.h */,
			);
			path = WechatSDK;
			sourceTree = "<group>";
		};
		63C072391F7906D400B0D795 /* UMSocialSDKPlugin */ = {
			isa = PBXGroup;
			children = (
				63C0723A1F7906D400B0D795 /* libUMSocialCloudShare.a */,
				63C0723B1F7906D400B0D795 /* libUMSocialLog.a */,
				63C0723C1F7906D400B0D795 /* UMSocialSDKPromptResources.bundle */,
			);
			path = UMSocialSDKPlugin;
			sourceTree = "<group>";
		};
		63C0723D1F7906D400B0D795 /* UMSocialUI */ = {
			isa = PBXGroup;
			children = (
				63C0723E1F7906D400B0D795 /* UMSocialSDKResources.bundle */,
				63C0723F1F7906D400B0D795 /* UShareUI.framework */,
			);
			path = UMSocialUI;
			sourceTree = "<group>";
		};
		83BE8EF81F78E16D00969EA1 = {
			isa = PBXGroup;
			children = (
				83BE8F031F78E16D00969EA1 /* Hybrid_Component */,
				83BE8F1C1F78E16E00969EA1 /* Hybrid_ComponentTests */,
				83BE8F271F78E16E00969EA1 /* Hybrid_ComponentUITests */,
				83BE8F021F78E16D00969EA1 /* Products */,
				83BE8F4A1F78F6D700969EA1 /* Frameworks */,
			);
			sourceTree = "<group>";
		};
		83BE8F021F78E16D00969EA1 /* Products */ = {
			isa = PBXGroup;
			children = (
				83BE8F011F78E16D00969EA1 /* Hybrid_Component.app */,
				83BE8F191F78E16E00969EA1 /* Hybrid_ComponentTests.xctest */,
				83BE8F241F78E16E00969EA1 /* Hybrid_ComponentUITests.xctest */,
			);
			name = Products;
			sourceTree = "<group>";
		};
		83BE8F031F78E16D00969EA1 /* Hybrid_Component */ = {
			isa = PBXGroup;
			children = (
				83BE8F441F78EF6700969EA1 /* UMHybridBridge */,
				83BE8F3F1F78EF4600969EA1 /* UMComponents */,
				83BE8F361F78E2A800969EA1 /* www */,
				83BE8F041F78E16D00969EA1 /* AppDelegate.h */,
				83BE8F051F78E16E00969EA1 /* AppDelegate.m */,
				83BE8F071F78E16E00969EA1 /* ViewController.h */,
				83BE8F081F78E16E00969EA1 /* ViewController.m */,
				83BE8F0A1F78E16E00969EA1 /* Main.storyboard */,
				83BE8F0D1F78E16E00969EA1 /* Assets.xcassets */,
				83BE8F0F1F78E16E00969EA1 /* LaunchScreen.storyboard */,
				83BE8F121F78E16E00969EA1 /* Info.plist */,
				83BE8F131F78E16E00969EA1 /* main.m */,
			);
			path = Hybrid_Component;
			sourceTree = "<group>";
		};
		83BE8F1C1F78E16E00969EA1 /* Hybrid_ComponentTests */ = {
			isa = PBXGroup;
			children = (
				83BE8F1D1F78E16E00969EA1 /* Hybrid_ComponentTests.m */,
				83BE8F1F1F78E16E00969EA1 /* Info.plist */,
			);
			path = Hybrid_ComponentTests;
			sourceTree = "<group>";
		};
		83BE8F271F78E16E00969EA1 /* Hybrid_ComponentUITests */ = {
			isa = PBXGroup;
			children = (
				83BE8F281F78E16E00969EA1 /* Hybrid_ComponentUITests.m */,
				83BE8F2A1F78E16E00969EA1 /* Info.plist */,
			);
			path = Hybrid_ComponentUITests;
			sourceTree = "<group>";
		};
		83BE8F361F78E2A800969EA1 /* www */ = {
			isa = PBXGroup;
			children = (
				83BE8F371F78E2A800969EA1 /* analytics.html */,
				83BE8F381F78E2A800969EA1 /* index.html */,
				83BE8F391F78E2A800969EA1 /* push.html */,
				83BE8F3A1F78E2A800969EA1 /* social.html */,
			);
			path = www;
			sourceTree = "<group>";
		};
		83BE8F3F1F78EF4600969EA1 /* UMComponents */ = {
			isa = PBXGroup;
			children = (
				63C072011F7906D400B0D795 /* UMShare */,
				63187B311F7A0501004FC6B4 /* UMPush.framework */,
				83BE8F401F78EF4600969EA1 /* UMAnalytics.framework */,
				83BE8F411F78EF4600969EA1 /* UMCommon.framework */,
			);
			path = UMComponents;
			sourceTree = "<group>";
		};
		83BE8F441F78EF6700969EA1 /* UMHybridBridge */ = {
			isa = PBXGroup;
			children = (
				83BE8F481F78F6BC00969EA1 /* UMAnalytics.js */,
				83BE8F451F78EF6700969EA1 /* UMAnalyticsModule.h */,
				83BE8F461F78EF6700969EA1 /* UMAnalyticsModule.m */,
				633919961F7B3FEF00CFFCA0 /* UMShare.js */,
				63C071F31F79068000B0D795 /* UMShareModule.h */,
				63C071F41F79068000B0D795 /* UMShareModule.m */,
				633919981F7B400100CFFCA0 /* UMPush.js */,
				63C0725C1F7A043D00B0D795 /* UMPushModule.h */,
				63C0725B1F7A043D00B0D795 /* UMPushModule.m */,
			);
			path = UMHybridBridge;
			sourceTree = "<group>";
		};
		83BE8F4A1F78F6D700969EA1 /* Frameworks */ = {
			isa = PBXGroup;
			children = (
				633919B41F7B425400CFFCA0 /* MessageUI.framework */,
				633919B21F7B424700CFFCA0 /* CoreData.framework */,
				633919B01F7B423200CFFCA0 /* SystemConfiguration.framework */,
				633919AE1F7B422B00CFFCA0 /* libc++.tbd */,
				633919AC1F7B421E00CFFCA0 /* ImageIO.framework */,
				83BE8F4F1F78F6E100969EA1 /* CoreTelephony.framework */,
				83BE8F4D1F78F6DC00969EA1 /* libz.tbd */,
				83BE8F4B1F78F6D700969EA1 /* libsqlite3.tbd */,
			);
			name = Frameworks;
			sourceTree = "<group>";
		};
/* End PBXGroup section */

/* Begin PBXNativeTarget section */
		83BE8F001F78E16D00969EA1 /* Hybrid_Component */ = {
			isa = PBXNativeTarget;
			buildConfigurationList = 83BE8F2D1F78E16E00969EA1 /* Build configuration list for PBXNativeTarget "Hybrid_Component" */;
			buildPhases = (
				83BE8EFD1F78E16D00969EA1 /* Sources */,
				83BE8EFE1F78E16D00969EA1 /* Frameworks */,
				83BE8EFF1F78E16D00969EA1 /* Resources */,
			);
			buildRules = (
			);
			dependencies = (
			);
			name = Hybrid_Component;
			productName = Hybrid_Component;
			productReference = 83BE8F011F78E16D00969EA1 /* Hybrid_Component.app */;
			productType = "com.apple.product-type.application";
		};
		83BE8F181F78E16E00969EA1 /* Hybrid_ComponentTests */ = {
			isa = PBXNativeTarget;
			buildConfigurationList = 83BE8F301F78E16E00969EA1 /* Build configuration list for PBXNativeTarget "Hybrid_ComponentTests" */;
			buildPhases = (
				83BE8F151F78E16E00969EA1 /* Sources */,
				83BE8F161F78E16E00969EA1 /* Frameworks */,
				83BE8F171F78E16E00969EA1 /* Resources */,
			);
			buildRules = (
			);
			dependencies = (
				83BE8F1B1F78E16E00969EA1 /* PBXTargetDependency */,
			);
			name = Hybrid_ComponentTests;
			productName = Hybrid_ComponentTests;
			productReference = 83BE8F191F78E16E00969EA1 /* Hybrid_ComponentTests.xctest */;
			productType = "com.apple.product-type.bundle.unit-test";
		};
		83BE8F231F78E16E00969EA1 /* Hybrid_ComponentUITests */ = {
			isa = PBXNativeTarget;
			buildConfigurationList = 83BE8F331F78E16E00969EA1 /* Build configuration list for PBXNativeTarget "Hybrid_ComponentUITests" */;
			buildPhases = (
				83BE8F201F78E16E00969EA1 /* Sources */,
				83BE8F211F78E16E00969EA1 /* Frameworks */,
				83BE8F221F78E16E00969EA1 /* Resources */,
			);
			buildRules = (
			);
			dependencies = (
				83BE8F261F78E16E00969EA1 /* PBXTargetDependency */,
			);
			name = Hybrid_ComponentUITests;
			productName = Hybrid_ComponentUITests;
			productReference = 83BE8F241F78E16E00969EA1 /* Hybrid_ComponentUITests.xctest */;
			productType = "com.apple.product-type.bundle.ui-testing";
		};
/* End PBXNativeTarget section */

/* Begin PBXProject section */
		83BE8EF91F78E16D00969EA1 /* Project object */ = {
			isa = PBXProject;
			attributes = {
				LastUpgradeCheck = 0900;
				ORGANIZATIONNAME = wangkai;
				TargetAttributes = {
					83BE8F001F78E16D00969EA1 = {
						CreatedOnToolsVersion = 9.0;
						ProvisioningStyle = Manual;
					};
					83BE8F181F78E16E00969EA1 = {
						CreatedOnToolsVersion = 9.0;
						ProvisioningStyle = Automatic;
						TestTargetID = 83BE8F001F78E16D00969EA1;
					};
					83BE8F231F78E16E00969EA1 = {
						CreatedOnToolsVersion = 9.0;
						ProvisioningStyle = Automatic;
						TestTargetID = 83BE8F001F78E16D00969EA1;
					};
				};
			};
			buildConfigurationList = 83BE8EFC1F78E16D00969EA1 /* Build configuration list for PBXProject "Hybrid_Component" */;
			compatibilityVersion = "Xcode 8.0";
			developmentRegion = en;
			hasScannedForEncodings = 0;
			knownRegions = (
				en,
				Base,
			);
			mainGroup = 83BE8EF81F78E16D00969EA1;
			productRefGroup = 83BE8F021F78E16D00969EA1 /* Products */;
			projectDirPath = "";
			projectRoot = "";
			targets = (
				83BE8F001F78E16D00969EA1 /* Hybrid_Component */,
				83BE8F181F78E16E00969EA1 /* Hybrid_ComponentTests */,
				83BE8F231F78E16E00969EA1 /* Hybrid_ComponentUITests */,
			);
		};
/* End PBXProject section */

/* Begin PBXResourcesBuildPhase section */
		83BE8EFF1F78E16D00969EA1 /* Resources */ = {
			isa = PBXResourcesBuildPhase;
			buildActionMask = 2147483647;
			files = (
				83BE8F3C1F78E2A800969EA1 /* index.html in Resources */,
				83BE8F111F78E16E00969EA1 /* LaunchScreen.storyboard in Resources */,
				633919971F7B3FEF00CFFCA0 /* UMShare.js in Resources */,
				63C072541F7906D500B0D795 /* README.txt in Resources */,
				83BE8F3B1F78E2A800969EA1 /* analytics.html in Resources */,
				83BE8F491F78F6BC00969EA1 /* UMAnalytics.js in Resources */,
				83BE8F0E1F78E16E00969EA1 /* Assets.xcassets in Resources */,
				83BE8F3D1F78E2A800969EA1 /* push.html in Resources */,
				63391AE81F7CA3FF00CFFCA0 /* TwitterKitResources.bundle in Resources */,
				633919991F7B400100CFFCA0 /* UMPush.js in Resources */,
				63C072581F7906D500B0D795 /* UMSocialSDKPromptResources.bundle in Resources */,
				63C072491F7906D500B0D795 /* TencentOpenApi_IOS_Bundle.bundle in Resources */,
				63C0724C1F7906D500B0D795 /* WeiboSDK.bundle in Resources */,
				63C072591F7906D500B0D795 /* UMSocialSDKResources.bundle in Resources */,
				83BE8F0C1F78E16E00969EA1 /* Main.storyboard in Resources */,
				83BE8F3E1F78E2A800969EA1 /* social.html in Resources */,
			);
			runOnlyForDeploymentPostprocessing = 0;
		};
		83BE8F171F78E16E00969EA1 /* Resources */ = {
			isa = PBXResourcesBuildPhase;
			buildActionMask = 2147483647;
			files = (
			);
			runOnlyForDeploymentPostprocessing = 0;
		};
		83BE8F221F78E16E00969EA1 /* Resources */ = {
			isa = PBXResourcesBuildPhase;
			buildActionMask = 2147483647;
			files = (
			);
			runOnlyForDeploymentPostprocessing = 0;
		};
/* End PBXResourcesBuildPhase section */

/* Begin PBXSourcesBuildPhase section */
		83BE8EFD1F78E16D00969EA1 /* Sources */ = {
			isa = PBXSourcesBuildPhase;
			buildActionMask = 2147483647;
			files = (
				63C071F51F79068000B0D795 /* UMShareModule.m in Sources */,
				83BE8F091F78E16E00969EA1 /* ViewController.m in Sources */,
				83BE8F141F78E16E00969EA1 /* main.m in Sources */,
				63C0725D1F7A043D00B0D795 /* UMPushModule.m in Sources */,
				83BE8F471F78EF6700969EA1 /* UMAnalyticsModule.m in Sources */,
				83BE8F061F78E16E00969EA1 /* AppDelegate.m in Sources */,
			);
			runOnlyForDeploymentPostprocessing = 0;
		};
		83BE8F151F78E16E00969EA1 /* Sources */ = {
			isa = PBXSourcesBuildPhase;
			buildActionMask = 2147483647;
			files = (
				83BE8F1E1F78E16E00969EA1 /* Hybrid_ComponentTests.m in Sources */,
			);
			runOnlyForDeploymentPostprocessing = 0;
		};
		83BE8F201F78E16E00969EA1 /* Sources */ = {
			isa = PBXSourcesBuildPhase;
			buildActionMask = 2147483647;
			files = (
				83BE8F291F78E16E00969EA1 /* Hybrid_ComponentUITests.m in Sources */,
			);
			runOnlyForDeploymentPostprocessing = 0;
		};
/* End PBXSourcesBuildPhase section */

/* Begin PBXTargetDependency section */
		83BE8F1B1F78E16E00969EA1 /* PBXTargetDependency */ = {
			isa = PBXTargetDependency;
			target = 83BE8F001F78E16D00969EA1 /* Hybrid_Component */;
			targetProxy = 83BE8F1A1F78E16E00969EA1 /* PBXContainerItemProxy */;
		};
		83BE8F261F78E16E00969EA1 /* PBXTargetDependency */ = {
			isa = PBXTargetDependency;
			target = 83BE8F001F78E16D00969EA1 /* Hybrid_Component */;
			targetProxy = 83BE8F251F78E16E00969EA1 /* PBXContainerItemProxy */;
		};
/* End PBXTargetDependency section */

/* Begin PBXVariantGroup section */
		83BE8F0A1F78E16E00969EA1 /* Main.storyboard */ = {
			isa = PBXVariantGroup;
			children = (
				83BE8F0B1F78E16E00969EA1 /* Base */,
			);
			name = Main.storyboard;
			sourceTree = "<group>";
		};
		83BE8F0F1F78E16E00969EA1 /* LaunchScreen.storyboard */ = {
			isa = PBXVariantGroup;
			children = (
				83BE8F101F78E16E00969EA1 /* Base */,
			);
			name = LaunchScreen.storyboard;
			sourceTree = "<group>";
		};
/* End PBXVariantGroup section */

/* Begin XCBuildConfiguration section */
		83BE8F2B1F78E16E00969EA1 /* Debug */ = {
			isa = XCBuildConfiguration;
			buildSettings = {
				ALWAYS_SEARCH_USER_PATHS = NO;
				CLANG_ANALYZER_NONNULL = YES;
				CLANG_ANALYZER_NUMBER_OBJECT_CONVERSION = YES_AGGRESSIVE;
				CLANG_CXX_LANGUAGE_STANDARD = "gnu++14";
				CLANG_CXX_LIBRARY = "libc++";
				CLANG_ENABLE_MODULES = YES;
				CLANG_ENABLE_OBJC_ARC = YES;
				CLANG_WARN_BLOCK_CAPTURE_AUTORELEASING = YES;
				CLANG_WARN_BOOL_CONVERSION = YES;
				CLANG_WARN_COMMA = YES;
				CLANG_WARN_CONSTANT_CONVERSION = YES;
				CLANG_WARN_DIRECT_OBJC_ISA_USAGE = YES_ERROR;
				CLANG_WARN_DOCUMENTATION_COMMENTS = YES;
				CLANG_WARN_EMPTY_BODY = YES;
				CLANG_WARN_ENUM_CONVERSION = YES;
				CLANG_WARN_INFINITE_RECURSION = YES;
				CLANG_WARN_INT_CONVERSION = YES;
				CLANG_WARN_NON_LITERAL_NULL_CONVERSION = YES;
				CLANG_WARN_OBJC_LITERAL_CONVERSION = YES;
				CLANG_WARN_OBJC_ROOT_CLASS = YES_ERROR;
				CLANG_WARN_RANGE_LOOP_ANALYSIS = YES;
				CLANG_WARN_STRICT_PROTOTYPES = YES;
				CLANG_WARN_SUSPICIOUS_MOVE = YES;
				CLANG_WARN_UNGUARDED_AVAILABILITY = YES_AGGRESSIVE;
				CLANG_WARN_UNREACHABLE_CODE = YES;
				CLANG_WARN__DUPLICATE_METHOD_MATCH = YES;
				CODE_SIGN_IDENTITY = "iPhone Developer";
				COPY_PHASE_STRIP = NO;
				DEBUG_INFORMATION_FORMAT = dwarf;
				ENABLE_STRICT_OBJC_MSGSEND = YES;
				ENABLE_TESTABILITY = YES;
				GCC_C_LANGUAGE_STANDARD = gnu11;
				GCC_DYNAMIC_NO_PIC = NO;
				GCC_NO_COMMON_BLOCKS = YES;
				GCC_OPTIMIZATION_LEVEL = 0;
				GCC_PREPROCESSOR_DEFINITIONS = (
					"DEBUG=1",
					"$(inherited)",
				);
				GCC_WARN_64_TO_32_BIT_CONVERSION = YES;
				GCC_WARN_ABOUT_RETURN_TYPE = YES_ERROR;
				GCC_WARN_UNDECLARED_SELECTOR = YES;
				GCC_WARN_UNINITIALIZED_AUTOS = YES_AGGRESSIVE;
				GCC_WARN_UNUSED_FUNCTION = YES;
				GCC_WARN_UNUSED_VARIABLE = YES;
				IPHONEOS_DEPLOYMENT_TARGET = 11.0;
				MTL_ENABLE_DEBUG_INFO = YES;
				ONLY_ACTIVE_ARCH = YES;
				SDKROOT = iphoneos;
			};
			name = Debug;
		};
		83BE8F2C1F78E16E00969EA1 /* Release */ = {
			isa = XCBuildConfiguration;
			buildSettings = {
				ALWAYS_SEARCH_USER_PATHS = NO;
				CLANG_ANALYZER_NONNULL = YES;
				CLANG_ANALYZER_NUMBER_OBJECT_CONVERSION = YES_AGGRESSIVE;
				CLANG_CXX_LANGUAGE_STANDARD = "gnu++14";
				CLANG_CXX_LIBRARY = "libc++";
				CLANG_ENABLE_MODULES = YES;
				CLANG_ENABLE_OBJC_ARC = YES;
				CLANG_WARN_BLOCK_CAPTURE_AUTORELEASING = YES;
				CLANG_WARN_BOOL_CONVERSION = YES;
				CLANG_WARN_COMMA = YES;
				CLANG_WARN_CONSTANT_CONVERSION = YES;
				CLANG_WARN_DIRECT_OBJC_ISA_USAGE = YES_ERROR;
				CLANG_WARN_DOCUMENTATION_COMMENTS = YES;
				CLANG_WARN_EMPTY_BODY = YES;
				CLANG_WARN_ENUM_CONVERSION = YES;
				CLANG_WARN_INFINITE_RECURSION = YES;
				CLANG_WARN_INT_CONVERSION = YES;
				CLANG_WARN_NON_LITERAL_NULL_CONVERSION = YES;
				CLANG_WARN_OBJC_LITERAL_CONVERSION = YES;
				CLANG_WARN_OBJC_ROOT_CLASS = YES_ERROR;
				CLANG_WARN_RANGE_LOOP_ANALYSIS = YES;
				CLANG_WARN_STRICT_PROTOTYPES = YES;
				CLANG_WARN_SUSPICIOUS_MOVE = YES;
				CLANG_WARN_UNGUARDED_AVAILABILITY = YES_AGGRESSIVE;
				CLANG_WARN_UNREACHABLE_CODE = YES;
				CLANG_WARN__DUPLICATE_METHOD_MATCH = YES;
				CODE_SIGN_IDENTITY = "iPhone Developer";
				COPY_PHASE_STRIP = NO;
				DEBUG_INFORMATION_FORMAT = "dwarf-with-dsym";
				ENABLE_NS_ASSERTIONS = NO;
				ENABLE_STRICT_OBJC_MSGSEND = YES;
				GCC_C_LANGUAGE_STANDARD = gnu11;
				GCC_NO_COMMON_BLOCKS = YES;
				GCC_WARN_64_TO_32_BIT_CONVERSION = YES;
				GCC_WARN_ABOUT_RETURN_TYPE = YES_ERROR;
				GCC_WARN_UNDECLARED_SELECTOR = YES;
				GCC_WARN_UNINITIALIZED_AUTOS = YES_AGGRESSIVE;
				GCC_WARN_UNUSED_FUNCTION = YES;
				GCC_WARN_UNUSED_VARIABLE = YES;
				IPHONEOS_DEPLOYMENT_TARGET = 11.0;
				MTL_ENABLE_DEBUG_INFO = NO;
				SDKROOT = iphoneos;
				VALIDATE_PRODUCT = YES;
			};
			name = Release;
		};
		83BE8F2E1F78E16E00969EA1 /* Debug */ = {
			isa = XCBuildConfiguration;
			buildSettings = {
				ASSETCATALOG_COMPILER_APPICON_NAME = AppIcon;
				CODE_SIGN_STYLE = Manual;
				DEVELOPMENT_TEAM = 486K7NX823;
				FRAMEWORK_SEARCH_PATHS = (
					"$(inherited)",
					"$(PROJECT_DIR)/Hybrid_Component/UMComponents",
					"$(PROJECT_DIR)/Hybrid_Component/UMComponents/UMShare/SocialLibraries/Facebook",
					"$(PROJECT_DIR)/Hybrid_Component/UMComponents/UMShare/SocialLibraries/QQ/QQSDK",
					"$(PROJECT_DIR)/Hybrid_Component/UMComponents/UMShare/SocialLibraries/Twitter",
					"$(PROJECT_DIR)/Hybrid_Component/UMComponents/UMShare",
					"$(PROJECT_DIR)/Hybrid_Component/UMComponents/UMShare/UMSocialUI",
				);
				INFOPLIST_FILE = Hybrid_Component/Info.plist;
				IPHONEOS_DEPLOYMENT_TARGET = 8.0;
				LD_RUNPATH_SEARCH_PATHS = "$(inherited) @executable_path/Frameworks";
				LIBRARY_SEARCH_PATHS = (
					"$(inherited)",
					"$(PROJECT_DIR)/Hybrid_Component/UMComponents/UMShare/SocialLibraries/Email",
					"$(PROJECT_DIR)/Hybrid_Component/UMComponents/UMShare/SocialLibraries/Facebook",
					"$(PROJECT_DIR)/Hybrid_Component/UMComponents/UMShare/SocialLibraries/QQ",
					"$(PROJECT_DIR)/Hybrid_Component/UMComponents/UMShare/SocialLibraries/Sina",
					"$(PROJECT_DIR)/Hybrid_Component/UMComponents/UMShare/SocialLibraries/Sina/SinaSDK",
					"$(PROJECT_DIR)/Hybrid_Component/UMComponents/UMShare/SocialLibraries/SMS",
					"$(PROJECT_DIR)/Hybrid_Component/UMComponents/UMShare/SocialLibraries/Twitter",
					"$(PROJECT_DIR)/Hybrid_Component/UMComponents/UMShare/SocialLibraries/WeChat",
					"$(PROJECT_DIR)/Hybrid_Component/UMComponents/UMShare/SocialLibraries/WeChat/WechatSDK",
					"$(PROJECT_DIR)/Hybrid_Component/UMComponents/UMShare/UMSocialSDKPlugin",
				);
				OTHER_LDFLAGS = "-ObjC";
				PRODUCT_BUNDLE_IDENTIFIER = com.UmengPlus.UMDemo;
				PRODUCT_NAME = "$(TARGET_NAME)";
				PROVISIONING_PROFILE = "e5c7e4a9-7546-45f7-973f-8d90a99f2fb5";
				PROVISIONING_PROFILE_SPECIFIER = UMengPlusDemo_dev;
				TARGETED_DEVICE_FAMILY = "1,2";
			};
			name = Debug;
		};
		83BE8F2F1F78E16E00969EA1 /* Release */ = {
			isa = XCBuildConfiguration;
			buildSettings = {
				ASSETCATALOG_COMPILER_APPICON_NAME = AppIcon;
				CODE_SIGN_STYLE = Manual;
				DEVELOPMENT_TEAM = 486K7NX823;
				FRAMEWORK_SEARCH_PATHS = (
					"$(inherited)",
					"$(PROJECT_DIR)/Hybrid_Component/UMComponents",
					"$(PROJECT_DIR)/Hybrid_Component/UMComponents/UMShare/SocialLibraries/Facebook",
					"$(PROJECT_DIR)/Hybrid_Component/UMComponents/UMShare/SocialLibraries/QQ/QQSDK",
					"$(PROJECT_DIR)/Hybrid_Component/UMComponents/UMShare/SocialLibraries/Twitter",
					"$(PROJECT_DIR)/Hybrid_Component/UMComponents/UMShare",
					"$(PROJECT_DIR)/Hybrid_Component/UMComponents/UMShare/UMSocialUI",
				);
				INFOPLIST_FILE = Hybrid_Component/Info.plist;
				IPHONEOS_DEPLOYMENT_TARGET = 8.0;
				LD_RUNPATH_SEARCH_PATHS = "$(inherited) @executable_path/Frameworks";
				LIBRARY_SEARCH_PATHS = (
					"$(inherited)",
					"$(PROJECT_DIR)/Hybrid_Component/UMComponents/UMShare/SocialLibraries/Email",
					"$(PROJECT_DIR)/Hybrid_Component/UMComponents/UMShare/SocialLibraries/Facebook",
					"$(PROJECT_DIR)/Hybrid_Component/UMComponents/UMShare/SocialLibraries/QQ",
					"$(PROJECT_DIR)/Hybrid_Component/UMComponents/UMShare/SocialLibraries/Sina",
					"$(PROJECT_DIR)/Hybrid_Component/UMComponents/UMShare/SocialLibraries/Sina/SinaSDK",
					"$(PROJECT_DIR)/Hybrid_Component/UMComponents/UMShare/SocialLibraries/SMS",
					"$(PROJECT_DIR)/Hybrid_Component/UMComponents/UMShare/SocialLibraries/Twitter",
					"$(PROJECT_DIR)/Hybrid_Component/UMComponents/UMShare/SocialLibraries/WeChat",
					"$(PROJECT_DIR)/Hybrid_Component/UMComponents/UMShare/SocialLibraries/WeChat/WechatSDK",
					"$(PROJECT_DIR)/Hybrid_Component/UMComponents/UMShare/UMSocialSDKPlugin",
				);
				OTHER_LDFLAGS = "-ObjC";
				PRODUCT_BUNDLE_IDENTIFIER = com.UmengPlus.UMDemo;
				PRODUCT_NAME = "$(TARGET_NAME)";
				PROVISIONING_PROFILE = "e5c7e4a9-7546-45f7-973f-8d90a99f2fb5";
				PROVISIONING_PROFILE_SPECIFIER = UMengPlusDemo_dev;
				TARGETED_DEVICE_FAMILY = "1,2";
			};
			name = Release;
		};
		83BE8F311F78E16E00969EA1 /* Debug */ = {
			isa = XCBuildConfiguration;
			buildSettings = {
				BUNDLE_LOADER = "$(TEST_HOST)";
				CODE_SIGN_STYLE = Automatic;
				INFOPLIST_FILE = Hybrid_ComponentTests/Info.plist;
				LD_RUNPATH_SEARCH_PATHS = "$(inherited) @executable_path/Frameworks @loader_path/Frameworks";
				PRODUCT_BUNDLE_IDENTIFIER = "com.umeng.UMAnalytics.Hybrid-ComponentTests";
				PRODUCT_NAME = "$(TARGET_NAME)";
				TARGETED_DEVICE_FAMILY = "1,2";
				TEST_HOST = "$(BUILT_PRODUCTS_DIR)/Hybrid_Component.app/Hybrid_Component";
			};
			name = Debug;
		};
		83BE8F321F78E16E00969EA1 /* Release */ = {
			isa = XCBuildConfiguration;
			buildSettings = {
				BUNDLE_LOADER = "$(TEST_HOST)";
				CODE_SIGN_STYLE = Automatic;
				INFOPLIST_FILE = Hybrid_ComponentTests/Info.plist;
				LD_RUNPATH_SEARCH_PATHS = "$(inherited) @executable_path/Frameworks @loader_path/Frameworks";
				PRODUCT_BUNDLE_IDENTIFIER = "com.umeng.UMAnalytics.Hybrid-ComponentTests";
				PRODUCT_NAME = "$(TARGET_NAME)";
				TARGETED_DEVICE_FAMILY = "1,2";
				TEST_HOST = "$(BUILT_PRODUCTS_DIR)/Hybrid_Component.app/Hybrid_Component";
			};
			name = Release;
		};
		83BE8F341F78E16E00969EA1 /* Debug */ = {
			isa = XCBuildConfiguration;
			buildSettings = {
				CODE_SIGN_STYLE = Automatic;
				INFOPLIST_FILE = Hybrid_ComponentUITests/Info.plist;
				LD_RUNPATH_SEARCH_PATHS = "$(inherited) @executable_path/Frameworks @loader_path/Frameworks";
				PRODUCT_BUNDLE_IDENTIFIER = "com.umeng.UMAnalytics.Hybrid-ComponentUITests";
				PRODUCT_NAME = "$(TARGET_NAME)";
				TARGETED_DEVICE_FAMILY = "1,2";
				TEST_TARGET_NAME = Hybrid_Component;
			};
			name = Debug;
		};
		83BE8F351F78E16E00969EA1 /* Release */ = {
			isa = XCBuildConfiguration;
			buildSettings = {
				CODE_SIGN_STYLE = Automatic;
				INFOPLIST_FILE = Hybrid_ComponentUITests/Info.plist;
				LD_RUNPATH_SEARCH_PATHS = "$(inherited) @executable_path/Frameworks @loader_path/Frameworks";
				PRODUCT_BUNDLE_IDENTIFIER = "com.umeng.UMAnalytics.Hybrid-ComponentUITests";
				PRODUCT_NAME = "$(TARGET_NAME)";
				TARGETED_DEVICE_FAMILY = "1,2";
				TEST_TARGET_NAME = Hybrid_Component;
			};
			name = Release;
		};
/* End XCBuildConfiguration section */

/* Begin XCConfigurationList section */
		83BE8EFC1F78E16D00969EA1 /* Build configuration list for PBXProject "Hybrid_Component" */ = {
			isa = XCConfigurationList;
			buildConfigurations = (
				83BE8F2B1F78E16E00969EA1 /* Debug */,
				83BE8F2C1F78E16E00969EA1 /* Release */,
			);
			defaultConfigurationIsVisible = 0;
			defaultConfigurationName = Release;
		};
		83BE8F2D1F78E16E00969EA1 /* Build configuration list for PBXNativeTarget "Hybrid_Component" */ = {
			isa = XCConfigurationList;
			buildConfigurations = (
				83BE8F2E1F78E16E00969EA1 /* Debug */,
				83BE8F2F1F78E16E00969EA1 /* Release */,
			);
			defaultConfigurationIsVisible = 0;
			defaultConfigurationName = Release;
		};
		83BE8F301F78E16E00969EA1 /* Build configuration list for PBXNativeTarget "Hybrid_ComponentTests" */ = {
			isa = XCConfigurationList;
			buildConfigurations = (
				83BE8F311F78E16E00969EA1 /* Debug */,
				83BE8F321F78E16E00969EA1 /* Release */,
			);
			defaultConfigurationIsVisible = 0;
			defaultConfigurationName = Release;
		};
		83BE8F331F78E16E00969EA1 /* Build configuration list for PBXNativeTarget "Hybrid_ComponentUITests" */ = {
			isa = XCConfigurationList;
			buildConfigurations = (
				83BE8F341F78E16E00969EA1 /* Debug */,
				83BE8F351F78E16E00969EA1 /* Release */,
			);
			defaultConfigurationIsVisible = 0;
			defaultConfigurationName = Release;
		};
/* End XCConfigurationList section */
	};
	rootObject = 83BE8EF91F78E16D00969EA1 /* Project object */;
}
